
Microsoft Visual Studio Solution File, Format Version 12.00
# Visual Studio Version 17
VisualStudioVersion = 17.0.31903.59
MinimumVisualStudioVersion = 10.0.40219.1
Project("{FAE04EC0-301F-11D3-BF4B-00C04F79EFBC}") = "BrainLink.Api", "BrainLink.Api\BrainLink.Api.csproj", "{01EE6D37-8898-4718-8B81-BDD42AEEEA99}"
EndProject
Project("{FAE04EC0-301F-11D3-BF4B-00C04F79EFBC}") = "BrainLink.Core", "BrainLink.Core\BrainLink.Core.csproj", "{BC348A77-9C45-4319-A5C3-31C9878BA510}"
EndProject
Project("{FAE04EC0-301F-11D3-BF4B-00C04F79EFBC}") = "BrainLink.Infrastructure", "BrainLink.Infrastructure\BrainLink.Infrastructure.csproj", "{19D86E67-2EFD-4AB2-88DD-460EBE939C05}"
EndProject
Global
	GlobalSection(SolutionConfigurationPlatforms) = preSolution
		Debug|Any CPU = Debug|Any CPU
		Debug|x64 = Debug|x64
		Debug|x86 = Debug|x86
		Release|Any CPU = Release|Any CPU
		Release|x64 = Release|x64
		Release|x86 = Release|x86
	EndGlobalSection
	GlobalSection(ProjectConfigurationPlatforms) = postSolution
		{01EE6D37-8898-4718-8B81-BDD42AEEEA99}.Debug|Any CPU.ActiveCfg = Debug|Any CPU
		{01EE6D37-8898-4718-8B81-BDD42AEEEA99}.Debug|Any CPU.Build.0 = Debug|Any CPU
		{01EE6D37-8898-4718-8B81-BDD42AEEEA99}.Debug|x64.ActiveCfg = Debug|Any CPU
		{01EE6D37-8898-4718-8B81-BDD42AEEEA99}.Debug|x64.Build.0 = Debug|Any CPU
		{01EE6D37-8898-4718-8B81-BDD42AEEEA99}.Debug|x86.ActiveCfg = Debug|Any CPU
		{01EE6D37-8898-4718-8B81-BDD42AEEEA99}.Debug|x86.Build.0 = Debug|Any CPU
		{01EE6D37-8898-4718-8B81-BDD42AEEEA99}.Release|Any CPU.ActiveCfg = Release|Any CPU
		{01EE6D37-8898-4718-8B81-BDD42AEEEA99}.Release|Any CPU.Build.0 = Release|Any CPU
		{01EE6D37-8898-4718-8B81-BDD42AEEEA99}.Release|x64.ActiveCfg = Release|Any CPU
		{01EE6D37-8898-4718-8B81-BDD42AEEEA99}.Release|x64.Build.0 = Release|Any CPU
		{01EE6D37-8898-4718-8B81-BDD42AEEEA99}.Release|x86.ActiveCfg = Release|Any CPU
		{01EE6D37-8898-4718-8B81-BDD42AEEEA99}.Release|x86.Build.0 = Release|Any CPU
		{BC348A77-9C45-4319-A5C3-31C9878BA510}.Debug|Any CPU.ActiveCfg = Debug|Any CPU
		{BC348A77-9C45-4319-A5C3-31C9878BA510}.Debug|Any CPU.Build.0 = Debug|Any CPU
		{BC348A77-9C45-4319-A5C3-31C9878BA510}.Debug|x64.ActiveCfg = Debug|Any CPU
		{BC348A77-9C45-4319-A5C3-31C9878BA510}.Debug|x64.Build.0 = Debug|Any CPU
		{BC348A77-9C45-4319-A5C3-31C9878BA510}.Debug|x86.ActiveCfg = Debug|Any CPU
		{BC348A77-9C45-4319-A5C3-31C9878BA510}.Debug|x86.Build.0 = Debug|Any CPU
		{BC348A77-9C45-4319-A5C3-31C9878BA510}.Release|Any CPU.ActiveCfg = Release|Any CPU
		{BC348A77-9C45-4319-A5C3-31C9878BA510}.Release|Any CPU.Build.0 = Release|Any CPU
		{BC348A77-9C45-4319-A5C3-31C9878BA510}.Release|x64.ActiveCfg = Release|Any CPU
		{BC348A77-9C45-4319-A5C3-31C9878BA510}.Release|x64.Build.0 = Release|Any CPU
		{BC348A77-9C45-4319-A5C3-31C9878BA510}.Release|x86.ActiveCfg = Release|Any CPU
		{BC348A77-9C45-4319-A5C3-31C9878BA510}.Release|x86.Build.0 = Release|Any CPU
		{19D86E67-2EFD-4AB2-88DD-460EBE939C05}.Debug|Any CPU.ActiveCfg = Debug|Any CPU
		{19D86E67-2EFD-4AB2-88DD-460EBE939C05}.Debug|Any CPU.Build.0 = Debug|Any CPU
		{19D86E67-2EFD-4AB2-88DD-460EBE939C05}.Debug|x64.ActiveCfg = Debug|Any CPU
		{19D86E67-2EFD-4AB2-88DD-460EBE939C05}.Debug|x64.Build.0 = Debug|Any CPU
		{19D86E67-2EFD-4AB2-88DD-460EBE939C05}.Debug|x86.ActiveCfg = Debug|Any CPU
		{19D86E67-2EFD-4AB2-88DD-460EBE939C05}.Debug|x86.Build.0 = Debug|Any CPU
		{19D86E67-2EFD-4AB2-88DD-460EBE939C05}.Release|Any CPU.ActiveCfg = Release|Any CPU
		{19D86E67-2EFD-4AB2-88DD-460EBE939C05}.Release|Any CPU.Build.0 = Release|Any CPU
		{19D86E67-2EFD-4AB2-88DD-460EBE939C05}.Release|x64.ActiveCfg = Release|Any CPU
		{19D86E67-2EFD-4AB2-88DD-460EBE939C05}.Release|x64.Build.0 = Release|Any CPU
		{19D86E67-2EFD-4AB2-88DD-460EBE939C05}.Release|x86.ActiveCfg = Release|Any CPU
		{19D86E67-2EFD-4AB2-88DD-460EBE939C05}.Release|x86.Build.0 = Release|Any CPU
	EndGlobalSection
	GlobalSection(SolutionProperties) = preSolution
		HideSolutionNode = FALSE
	EndGlobalSection
EndGlobal
